
Microsoft Visual Studio Solution File, Format Version 12.00
# Visual Studio Version 17
VisualStudioVersion = 17.9.34607.119
MinimumVisualStudioVersion = 10.0.40219.1
Project("{2150E333-8FDC-42A3-9474-1A3956D46DE8}") = "Junior Level", "Junior Level", "{1AE62833-2820-45BA-BB4E-0FB0C1371818}"
	ProjectSection(SolutionItems) = preProject
		02_CommonLanguageRuntime.txt = 02_CommonLanguageRuntime.txt
		03_DifferenceBetweenC#andDotNet.txt = 03_DifferenceBetweenC#andDotNet.txt
	EndProjectSection
EndProject
Project("{2150E333-8FDC-42A3-9474-1A3956D46DE8}") = "Mid Level", "Mid Level", "{53D3610B-9562-4D52-ACEA-C5C77962E914}"
EndProject
Project("{9A19103F-16F7-4668-BE54-9A1E7A4F7556}") = "01_CommonIntermediateLanguage", "Junior Level\01_CommonIntermediateLanguage\01_CommonIntermediateLanguage.csproj", "{C5718643-13A3-476F-85A2-BFB13E880FE9}"
EndProject
Project("{9A19103F-16F7-4668-BE54-9A1E7A4F7556}") = "04_ValueTypesAndReferenceTypes", "Junior Level\04_ValueTypesAndReferenceTypes\04_ValueTypesAndReferenceTypes.csproj", "{1C19C3F2-61A2-4243-9481-7BBF5AF722F9}"
EndProject
Project("{9A19103F-16F7-4668-BE54-9A1E7A4F7556}") = "06_TypesOfErrors", "Junior Level\06_TypesOfErrors\06_TypesOfErrors.csproj", "{C18A958F-E1A7-4196-9FBD-B5500B7A95FE}"
EndProject
Project("{9A19103F-16F7-4668-BE54-9A1E7A4F7556}") = "05_BoxingAndUnboxing", "Junior Level\05_BoxingAndUnboxing\05_BoxingAndUnboxing.csproj", "{4019219B-EEDF-4768-8AC2-B28655210E30}"
EndProject
Project("{9A19103F-16F7-4668-BE54-9A1E7A4F7556}") = "07_Exceptions", "Junior Level\07_Exceptions\07_Exceptions.csproj", "{6132FE85-94C5-4F6C-A628-45956B8F95D3}"
EndProject
Project("{9A19103F-16F7-4668-BE54-9A1E7A4F7556}") = "08_AccessModifiers", "Junior Level\08_AccessModifiers\08_AccessModifiers.csproj", "{E0DA2A14-F6B5-4B40-87FC-5157DCDDEC27}"
EndProject
Project("{9A19103F-16F7-4668-BE54-9A1E7A4F7556}") = "09_DefaultAccessModifiers", "Junior Level\09_DefaultAccessModifiers\09_DefaultAccessModifiers.csproj", "{5434F739-516F-4060-A224-687E165A1B71}"
EndProject
Project("{9A19103F-16F7-4668-BE54-9A1E7A4F7556}") = "10_SealedModifier", "Junior Level\10_SealedModifier\10_SealedModifier.csproj", "{F56E941B-460E-437E-A037-922B56E63EFE}"
EndProject
Project("{9A19103F-16F7-4668-BE54-9A1E7A4F7556}") = "12_ClassVsStruct", "Junior Level\12_ClassVsStruct\12_ClassVsStruct.csproj", "{7012DE49-14D4-4ECD-A08B-0898FB64A312}"
EndProject
Project("{9A19103F-16F7-4668-BE54-9A1E7A4F7556}") = "11_ParamsKeyword", "Junior Level\11_ParamsKeyword\11_ParamsKeyword.csproj", "{A3EFB2DA-FA8F-459D-A66D-084928933254}"
EndProject
Project("{9A19103F-16F7-4668-BE54-9A1E7A4F7556}") = "13_PartialClasses", "Junior Level\13_PartialClasses\13_PartialClasses.csproj", "{DCA1B229-AB30-4FC9-9051-33ED1DFD0A5F}"
EndProject
Project("{9A19103F-16F7-4668-BE54-9A1E7A4F7556}") = "14_NewKeyword", "Junior Level\14_NewKeyword\14_NewKeyword.csproj", "{58AD23D6-C6F0-4AD7-8BED-CC3C541303D6}"
EndProject
Project("{9A19103F-16F7-4668-BE54-9A1E7A4F7556}") = "15_StaticKeyword", "Junior Level\15_StaticKeyword\15_StaticKeyword.csproj", "{D93FBBD9-18C7-4AAB-8379-FE78FDFB49AA}"
EndProject
Project("{9A19103F-16F7-4668-BE54-9A1E7A4F7556}") = "16_StaticClass", "Junior Level\16_StaticClass\16_StaticClass.csproj", "{30BBC24A-A2EA-479D-B4E9-0C9F87AE00B7}"
EndProject
Project("{FAE04EC0-301F-11D3-BF4B-00C04F79EFBC}") = "17_TernaryOperator", "Junior Level\17_TernaryOperator\17_TernaryOperator.csproj", "{875A543C-D435-4F38-9837-086C459B7BE1}"
EndProject
Project("{FAE04EC0-301F-11D3-BF4B-00C04F79EFBC}") = "18_NullOperators", "Junior Level\18_NullOperators\18_NullOperators.csproj", "{8FB752D7-2BD3-4569-AFA7-D05E5E70B834}"
EndProject
Project("{FAE04EC0-301F-11D3-BF4B-00C04F79EFBC}") = "19_Encapsulation", "Junior Level\19_Encapsulation\19_Encapsulation.csproj", "{2D8DEA9F-CDAC-4F2B-8626-BA36B0E29E76}"
EndProject
Project("{FAE04EC0-301F-11D3-BF4B-00C04F79EFBC}") = "20_LINQ", "Junior Level\20_LINQ\20_LINQ.csproj", "{DD0EB7F4-93DD-4FFB-97AD-2CF9EA4DDB7E}"
EndProject
Project("{FAE04EC0-301F-11D3-BF4B-00C04F79EFBC}") = "21_ExtensionMethods", "Junior Level\21_ExtensionMethods\21_ExtensionMethods.csproj", "{8C6D21D2-1EF3-4E8E-A76D-47A684EC37A8}"
EndProject
Project("{FAE04EC0-301F-11D3-BF4B-00C04F79EFBC}") = "23_EqualityChecking", "Junior Level\23_EqualityChecking\23_EqualityChecking.csproj", "{7A7C2CEC-A14E-4DF7-91FE-0DD42FAE1B81}"
EndProject
Project("{FAE04EC0-301F-11D3-BF4B-00C04F79EFBC}") = "22_IEnumerable", "Junior Level\22_IEnumerable\22_IEnumerable.csproj", "{E130E65D-FFF7-4806-AFA6-DA16E249F7AE}"
EndProject
Project("{FAE04EC0-301F-11D3-BF4B-00C04F79EFBC}") = "24_DeepCopyVsShallowCopy", "Junior Level\24_DeepCopyVsShallowCopy\24_DeepCopyVsShallowCopy.csproj", "{E7A0580A-61C5-4BC9-ADBA-C9851D7FC64F}"
EndProject
Project("{FAE04EC0-301F-11D3-BF4B-00C04F79EFBC}") = "25_GarbageCollector", "Junior Level\25_GarbageCollector\25_GarbageCollector.csproj", "{09128BCC-CDF0-45A8-A7D9-477C9671E98A}"
EndProject
Project("{FAE04EC0-301F-11D3-BF4B-00C04F79EFBC}") = "26_Nullable", "Junior Level\Nullable\26_Nullable.csproj", "{02F27484-704F-4971-87CC-D994B404BDF0}"
EndProject
Project("{FAE04EC0-301F-11D3-BF4B-00C04F79EFBC}") = "27_Properties", "Junior Level\27_Properties\27_Properties.csproj", "{D02FCCD9-CD97-481D-8274-7DC6B6519DA9}"
EndProject
Project("{FAE04EC0-301F-11D3-BF4B-00C04F79EFBC}") = "28_Generics", "Junior Level\28_Generics\28_Generics.csproj", "{C862921C-2779-4586-B6E5-C8435C6D64CE}"
EndProject
Global
	GlobalSection(SolutionConfigurationPlatforms) = preSolution
		Debug|Any CPU = Debug|Any CPU
		Release|Any CPU = Release|Any CPU
	EndGlobalSection
	GlobalSection(ProjectConfigurationPlatforms) = postSolution
		{C5718643-13A3-476F-85A2-BFB13E880FE9}.Debug|Any CPU.ActiveCfg = Debug|Any CPU
		{C5718643-13A3-476F-85A2-BFB13E880FE9}.Debug|Any CPU.Build.0 = Debug|Any CPU
		{C5718643-13A3-476F-85A2-BFB13E880FE9}.Release|Any CPU.ActiveCfg = Release|Any CPU
		{C5718643-13A3-476F-85A2-BFB13E880FE9}.Release|Any CPU.Build.0 = Release|Any CPU
		{1C19C3F2-61A2-4243-9481-7BBF5AF722F9}.Debug|Any CPU.ActiveCfg = Debug|Any CPU
		{1C19C3F2-61A2-4243-9481-7BBF5AF722F9}.Debug|Any CPU.Build.0 = Debug|Any CPU
		{1C19C3F2-61A2-4243-9481-7BBF5AF722F9}.Release|Any CPU.ActiveCfg = Release|Any CPU
		{1C19C3F2-61A2-4243-9481-7BBF5AF722F9}.Release|Any CPU.Build.0 = Release|Any CPU
		{C18A958F-E1A7-4196-9FBD-B5500B7A95FE}.Debug|Any CPU.ActiveCfg = Debug|Any CPU
		{C18A958F-E1A7-4196-9FBD-B5500B7A95FE}.Debug|Any CPU.Build.0 = Debug|Any CPU
		{C18A958F-E1A7-4196-9FBD-B5500B7A95FE}.Release|Any CPU.ActiveCfg = Release|Any CPU
		{C18A958F-E1A7-4196-9FBD-B5500B7A95FE}.Release|Any CPU.Build.0 = Release|Any CPU
		{4019219B-EEDF-4768-8AC2-B28655210E30}.Debug|Any CPU.ActiveCfg = Debug|Any CPU
		{4019219B-EEDF-4768-8AC2-B28655210E30}.Debug|Any CPU.Build.0 = Debug|Any CPU
		{4019219B-EEDF-4768-8AC2-B28655210E30}.Release|Any CPU.ActiveCfg = Release|Any CPU
		{4019219B-EEDF-4768-8AC2-B28655210E30}.Release|Any CPU.Build.0 = Release|Any CPU
		{6132FE85-94C5-4F6C-A628-45956B8F95D3}.Debug|Any CPU.ActiveCfg = Debug|Any CPU
		{6132FE85-94C5-4F6C-A628-45956B8F95D3}.Debug|Any CPU.Build.0 = Debug|Any CPU
		{6132FE85-94C5-4F6C-A628-45956B8F95D3}.Release|Any CPU.ActiveCfg = Release|Any CPU
		{6132FE85-94C5-4F6C-A628-45956B8F95D3}.Release|Any CPU.Build.0 = Release|Any CPU
		{E0DA2A14-F6B5-4B40-87FC-5157DCDDEC27}.Debug|Any CPU.ActiveCfg = Debug|Any CPU
		{E0DA2A14-F6B5-4B40-87FC-5157DCDDEC27}.Debug|Any CPU.Build.0 = Debug|Any CPU
		{E0DA2A14-F6B5-4B40-87FC-5157DCDDEC27}.Release|Any CPU.ActiveCfg = Release|Any CPU
		{E0DA2A14-F6B5-4B40-87FC-5157DCDDEC27}.Release|Any CPU.Build.0 = Release|Any CPU
		{5434F739-516F-4060-A224-687E165A1B71}.Debug|Any CPU.ActiveCfg = Debug|Any CPU
		{5434F739-516F-4060-A224-687E165A1B71}.Debug|Any CPU.Build.0 = Debug|Any CPU
		{5434F739-516F-4060-A224-687E165A1B71}.Release|Any CPU.ActiveCfg = Release|Any CPU
		{5434F739-516F-4060-A224-687E165A1B71}.Release|Any CPU.Build.0 = Release|Any CPU
		{F56E941B-460E-437E-A037-922B56E63EFE}.Debug|Any CPU.ActiveCfg = Debug|Any CPU
		{F56E941B-460E-437E-A037-922B56E63EFE}.Debug|Any CPU.Build.0 = Debug|Any CPU
		{F56E941B-460E-437E-A037-922B56E63EFE}.Release|Any CPU.ActiveCfg = Release|Any CPU
		{F56E941B-460E-437E-A037-922B56E63EFE}.Release|Any CPU.Build.0 = Release|Any CPU
		{7012DE49-14D4-4ECD-A08B-0898FB64A312}.Debug|Any CPU.ActiveCfg = Debug|Any CPU
		{7012DE49-14D4-4ECD-A08B-0898FB64A312}.Debug|Any CPU.Build.0 = Debug|Any CPU
		{7012DE49-14D4-4ECD-A08B-0898FB64A312}.Release|Any CPU.ActiveCfg = Release|Any CPU
		{7012DE49-14D4-4ECD-A08B-0898FB64A312}.Release|Any CPU.Build.0 = Release|Any CPU
		{A3EFB2DA-FA8F-459D-A66D-084928933254}.Debug|Any CPU.ActiveCfg = Debug|Any CPU
		{A3EFB2DA-FA8F-459D-A66D-084928933254}.Debug|Any CPU.Build.0 = Debug|Any CPU
		{A3EFB2DA-FA8F-459D-A66D-084928933254}.Release|Any CPU.ActiveCfg = Release|Any CPU
		{A3EFB2DA-FA8F-459D-A66D-084928933254}.Release|Any CPU.Build.0 = Release|Any CPU
		{DCA1B229-AB30-4FC9-9051-33ED1DFD0A5F}.Debug|Any CPU.ActiveCfg = Debug|Any CPU
		{DCA1B229-AB30-4FC9-9051-33ED1DFD0A5F}.Debug|Any CPU.Build.0 = Debug|Any CPU
		{DCA1B229-AB30-4FC9-9051-33ED1DFD0A5F}.Release|Any CPU.ActiveCfg = Release|Any CPU
		{DCA1B229-AB30-4FC9-9051-33ED1DFD0A5F}.Release|Any CPU.Build.0 = Release|Any CPU
		{58AD23D6-C6F0-4AD7-8BED-CC3C541303D6}.Debug|Any CPU.ActiveCfg = Debug|Any CPU
		{58AD23D6-C6F0-4AD7-8BED-CC3C541303D6}.Debug|Any CPU.Build.0 = Debug|Any CPU
		{58AD23D6-C6F0-4AD7-8BED-CC3C541303D6}.Release|Any CPU.ActiveCfg = Release|Any CPU
		{58AD23D6-C6F0-4AD7-8BED-CC3C541303D6}.Release|Any CPU.Build.0 = Release|Any CPU
		{D93FBBD9-18C7-4AAB-8379-FE78FDFB49AA}.Debug|Any CPU.ActiveCfg = Debug|Any CPU
		{D93FBBD9-18C7-4AAB-8379-FE78FDFB49AA}.Debug|Any CPU.Build.0 = Debug|Any CPU
		{D93FBBD9-18C7-4AAB-8379-FE78FDFB49AA}.Release|Any CPU.ActiveCfg = Release|Any CPU
		{D93FBBD9-18C7-4AAB-8379-FE78FDFB49AA}.Release|Any CPU.Build.0 = Release|Any CPU
		{30BBC24A-A2EA-479D-B4E9-0C9F87AE00B7}.Debug|Any CPU.ActiveCfg = Debug|Any CPU
		{30BBC24A-A2EA-479D-B4E9-0C9F87AE00B7}.Debug|Any CPU.Build.0 = Debug|Any CPU
		{30BBC24A-A2EA-479D-B4E9-0C9F87AE00B7}.Release|Any CPU.ActiveCfg = Release|Any CPU
		{30BBC24A-A2EA-479D-B4E9-0C9F87AE00B7}.Release|Any CPU.Build.0 = Release|Any CPU
		{875A543C-D435-4F38-9837-086C459B7BE1}.Debug|Any CPU.ActiveCfg = Debug|Any CPU
		{875A543C-D435-4F38-9837-086C459B7BE1}.Debug|Any CPU.Build.0 = Debug|Any CPU
		{875A543C-D435-4F38-9837-086C459B7BE1}.Release|Any CPU.ActiveCfg = Release|Any CPU
		{875A543C-D435-4F38-9837-086C459B7BE1}.Release|Any CPU.Build.0 = Release|Any CPU
		{8FB752D7-2BD3-4569-AFA7-D05E5E70B834}.Debug|Any CPU.ActiveCfg = Debug|Any CPU
		{8FB752D7-2BD3-4569-AFA7-D05E5E70B834}.Debug|Any CPU.Build.0 = Debug|Any CPU
		{8FB752D7-2BD3-4569-AFA7-D05E5E70B834}.Release|Any CPU.ActiveCfg = Release|Any CPU
		{8FB752D7-2BD3-4569-AFA7-D05E5E70B834}.Release|Any CPU.Build.0 = Release|Any CPU
		{2D8DEA9F-CDAC-4F2B-8626-BA36B0E29E76}.Debug|Any CPU.ActiveCfg = Debug|Any CPU
		{2D8DEA9F-CDAC-4F2B-8626-BA36B0E29E76}.Debug|Any CPU.Build.0 = Debug|Any CPU
		{2D8DEA9F-CDAC-4F2B-8626-BA36B0E29E76}.Release|Any CPU.ActiveCfg = Release|Any CPU
		{2D8DEA9F-CDAC-4F2B-8626-BA36B0E29E76}.Release|Any CPU.Build.0 = Release|Any CPU
		{DD0EB7F4-93DD-4FFB-97AD-2CF9EA4DDB7E}.Debug|Any CPU.ActiveCfg = Debug|Any CPU
		{DD0EB7F4-93DD-4FFB-97AD-2CF9EA4DDB7E}.Debug|Any CPU.Build.0 = Debug|Any CPU
		{DD0EB7F4-93DD-4FFB-97AD-2CF9EA4DDB7E}.Release|Any CPU.ActiveCfg = Release|Any CPU
		{DD0EB7F4-93DD-4FFB-97AD-2CF9EA4DDB7E}.Release|Any CPU.Build.0 = Release|Any CPU
		{8C6D21D2-1EF3-4E8E-A76D-47A684EC37A8}.Debug|Any CPU.ActiveCfg = Debug|Any CPU
		{8C6D21D2-1EF3-4E8E-A76D-47A684EC37A8}.Debug|Any CPU.Build.0 = Debug|Any CPU
		{8C6D21D2-1EF3-4E8E-A76D-47A684EC37A8}.Release|Any CPU.ActiveCfg = Release|Any CPU
		{8C6D21D2-1EF3-4E8E-A76D-47A684EC37A8}.Release|Any CPU.Build.0 = Release|Any CPU
		{7A7C2CEC-A14E-4DF7-91FE-0DD42FAE1B81}.Debug|Any CPU.ActiveCfg = Debug|Any CPU
		{7A7C2CEC-A14E-4DF7-91FE-0DD42FAE1B81}.Debug|Any CPU.Build.0 = Debug|Any CPU
		{7A7C2CEC-A14E-4DF7-91FE-0DD42FAE1B81}.Release|Any CPU.ActiveCfg = Release|Any CPU
		{7A7C2CEC-A14E-4DF7-91FE-0DD42FAE1B81}.Release|Any CPU.Build.0 = Release|Any CPU
		{E130E65D-FFF7-4806-AFA6-DA16E249F7AE}.Debug|Any CPU.ActiveCfg = Debug|Any CPU
		{E130E65D-FFF7-4806-AFA6-DA16E249F7AE}.Debug|Any CPU.Build.0 = Debug|Any CPU
		{E130E65D-FFF7-4806-AFA6-DA16E249F7AE}.Release|Any CPU.ActiveCfg = Release|Any CPU
		{E130E65D-FFF7-4806-AFA6-DA16E249F7AE}.Release|Any CPU.Build.0 = Release|Any CPU
		{E7A0580A-61C5-4BC9-ADBA-C9851D7FC64F}.Debug|Any CPU.ActiveCfg = Debug|Any CPU
		{E7A0580A-61C5-4BC9-ADBA-C9851D7FC64F}.Debug|Any CPU.Build.0 = Debug|Any CPU
		{E7A0580A-61C5-4BC9-ADBA-C9851D7FC64F}.Release|Any CPU.ActiveCfg = Release|Any CPU
		{E7A0580A-61C5-4BC9-ADBA-C9851D7FC64F}.Release|Any CPU.Build.0 = Release|Any CPU
		{09128BCC-CDF0-45A8-A7D9-477C9671E98A}.Debug|Any CPU.ActiveCfg = Debug|Any CPU
		{09128BCC-CDF0-45A8-A7D9-477C9671E98A}.Debug|Any CPU.Build.0 = Debug|Any CPU
		{09128BCC-CDF0-45A8-A7D9-477C9671E98A}.Release|Any CPU.ActiveCfg = Release|Any CPU
		{09128BCC-CDF0-45A8-A7D9-477C9671E98A}.Release|Any CPU.Build.0 = Release|Any CPU
		{02F27484-704F-4971-87CC-D994B404BDF0}.Debug|Any CPU.ActiveCfg = Debug|Any CPU
		{02F27484-704F-4971-87CC-D994B404BDF0}.Debug|Any CPU.Build.0 = Debug|Any CPU
		{02F27484-704F-4971-87CC-D994B404BDF0}.Release|Any CPU.ActiveCfg = Release|Any CPU
		{02F27484-704F-4971-87CC-D994B404BDF0}.Release|Any CPU.Build.0 = Release|Any CPU
		{D02FCCD9-CD97-481D-8274-7DC6B6519DA9}.Debug|Any CPU.ActiveCfg = Debug|Any CPU
		{D02FCCD9-CD97-481D-8274-7DC6B6519DA9}.Debug|Any CPU.Build.0 = Debug|Any CPU
		{D02FCCD9-CD97-481D-8274-7DC6B6519DA9}.Release|Any CPU.ActiveCfg = Release|Any CPU
		{D02FCCD9-CD97-481D-8274-7DC6B6519DA9}.Release|Any CPU.Build.0 = Release|Any CPU
		{C862921C-2779-4586-B6E5-C8435C6D64CE}.Debug|Any CPU.ActiveCfg = Debug|Any CPU
		{C862921C-2779-4586-B6E5-C8435C6D64CE}.Debug|Any CPU.Build.0 = Debug|Any CPU
		{C862921C-2779-4586-B6E5-C8435C6D64CE}.Release|Any CPU.ActiveCfg = Release|Any CPU
		{C862921C-2779-4586-B6E5-C8435C6D64CE}.Release|Any CPU.Build.0 = Release|Any CPU
	EndGlobalSection
	GlobalSection(SolutionProperties) = preSolution
		HideSolutionNode = FALSE
	EndGlobalSection
	GlobalSection(NestedProjects) = preSolution
		{C5718643-13A3-476F-85A2-BFB13E880FE9} = {1AE62833-2820-45BA-BB4E-0FB0C1371818}
		{1C19C3F2-61A2-4243-9481-7BBF5AF722F9} = {1AE62833-2820-45BA-BB4E-0FB0C1371818}
		{C18A958F-E1A7-4196-9FBD-B5500B7A95FE} = {1AE62833-2820-45BA-BB4E-0FB0C1371818}
		{4019219B-EEDF-4768-8AC2-B28655210E30} = {1AE62833-2820-45BA-BB4E-0FB0C1371818}
		{6132FE85-94C5-4F6C-A628-45956B8F95D3} = {1AE62833-2820-45BA-BB4E-0FB0C1371818}
		{E0DA2A14-F6B5-4B40-87FC-5157DCDDEC27} = {1AE62833-2820-45BA-BB4E-0FB0C1371818}
		{5434F739-516F-4060-A224-687E165A1B71} = {1AE62833-2820-45BA-BB4E-0FB0C1371818}
		{F56E941B-460E-437E-A037-922B56E63EFE} = {1AE62833-2820-45BA-BB4E-0FB0C1371818}
		{7012DE49-14D4-4ECD-A08B-0898FB64A312} = {1AE62833-2820-45BA-BB4E-0FB0C1371818}
		{A3EFB2DA-FA8F-459D-A66D-084928933254} = {1AE62833-2820-45BA-BB4E-0FB0C1371818}
		{DCA1B229-AB30-4FC9-9051-33ED1DFD0A5F} = {1AE62833-2820-45BA-BB4E-0FB0C1371818}
		{58AD23D6-C6F0-4AD7-8BED-CC3C541303D6} = {1AE62833-2820-45BA-BB4E-0FB0C1371818}
		{D93FBBD9-18C7-4AAB-8379-FE78FDFB49AA} = {1AE62833-2820-45BA-BB4E-0FB0C1371818}
		{30BBC24A-A2EA-479D-B4E9-0C9F87AE00B7} = {1AE62833-2820-45BA-BB4E-0FB0C1371818}
		{875A543C-D435-4F38-9837-086C459B7BE1} = {1AE62833-2820-45BA-BB4E-0FB0C1371818}
		{8FB752D7-2BD3-4569-AFA7-D05E5E70B834} = {1AE62833-2820-45BA-BB4E-0FB0C1371818}
		{2D8DEA9F-CDAC-4F2B-8626-BA36B0E29E76} = {1AE62833-2820-45BA-BB4E-0FB0C1371818}
		{DD0EB7F4-93DD-4FFB-97AD-2CF9EA4DDB7E} = {1AE62833-2820-45BA-BB4E-0FB0C1371818}
		{8C6D21D2-1EF3-4E8E-A76D-47A684EC37A8} = {1AE62833-2820-45BA-BB4E-0FB0C1371818}
		{7A7C2CEC-A14E-4DF7-91FE-0DD42FAE1B81} = {1AE62833-2820-45BA-BB4E-0FB0C1371818}
		{E130E65D-FFF7-4806-AFA6-DA16E249F7AE} = {1AE62833-2820-45BA-BB4E-0FB0C1371818}
		{E7A0580A-61C5-4BC9-ADBA-C9851D7FC64F} = {1AE62833-2820-45BA-BB4E-0FB0C1371818}
		{09128BCC-CDF0-45A8-A7D9-477C9671E98A} = {1AE62833-2820-45BA-BB4E-0FB0C1371818}
		{02F27484-704F-4971-87CC-D994B404BDF0} = {1AE62833-2820-45BA-BB4E-0FB0C1371818}
		{D02FCCD9-CD97-481D-8274-7DC6B6519DA9} = {1AE62833-2820-45BA-BB4E-0FB0C1371818}
		{C862921C-2779-4586-B6E5-C8435C6D64CE} = {1AE62833-2820-45BA-BB4E-0FB0C1371818}
	EndGlobalSection
	GlobalSection(ExtensibilityGlobals) = postSolution
		SolutionGuid = {55E2A566-899C-428D-AE24-1929A02A30DA}
	EndGlobalSection
EndGlobal
