
Microsoft Visual Studio Solution File, Format Version 12.00
# Visual Studio Version 17
VisualStudioVersion = 17.9.34607.119
MinimumVisualStudioVersion = 10.0.40219.1
Project("{2150E333-8FDC-42A3-9474-1A3956D46DE8}") = "Junior Level", "Junior Level", "{1AE62833-2820-45BA-BB4E-0FB0C1371818}"
	ProjectSection(SolutionItems) = preProject
		02_CommonLanguageRuntime.txt = 02_CommonLanguageRuntime.txt
		03_DifferenceBetweenC#andDotNet.txt = 03_DifferenceBetweenC#andDotNet.txt
	EndProjectSection
EndProject
Project("{2150E333-8FDC-42A3-9474-1A3956D46DE8}") = "Mid Level", "Mid Level", "{53D3610B-9562-4D52-ACEA-C5C77962E914}"
EndProject
Project("{9A19103F-16F7-4668-BE54-9A1E7A4F7556}") = "01_CommonIntermediateLanguage", "Junior Level\01_CommonIntermediateLanguage\01_CommonIntermediateLanguage.csproj", "{C5718643-13A3-476F-85A2-BFB13E880FE9}"
EndProject
Project("{9A19103F-16F7-4668-BE54-9A1E7A4F7556}") = "04_ValueTypesAndReferenceTypes", "Junior Level\04_ValueTypesAndReferenceTypes\04_ValueTypesAndReferenceTypes.csproj", "{1C19C3F2-61A2-4243-9481-7BBF5AF722F9}"
EndProject
Project("{9A19103F-16F7-4668-BE54-9A1E7A4F7556}") = "06_TypesOfErrors", "Junior Level\06_TypesOfErrors\06_TypesOfErrors.csproj", "{C18A958F-E1A7-4196-9FBD-B5500B7A95FE}"
EndProject
Project("{9A19103F-16F7-4668-BE54-9A1E7A4F7556}") = "05_BoxingAndUnboxing", "Junior Level\05_BoxingAndUnboxing\05_BoxingAndUnboxing.csproj", "{4019219B-EEDF-4768-8AC2-B28655210E30}"
EndProject
Project("{FAE04EC0-301F-11D3-BF4B-00C04F79EFBC}") = "07_Exceptions", "Junior Level\07_Exceptions\07_Exceptions.csproj", "{6132FE85-94C5-4F6C-A628-45956B8F95D3}"
EndProject
Global
	GlobalSection(SolutionConfigurationPlatforms) = preSolution
		Debug|Any CPU = Debug|Any CPU
		Release|Any CPU = Release|Any CPU
	EndGlobalSection
	GlobalSection(ProjectConfigurationPlatforms) = postSolution
		{C5718643-13A3-476F-85A2-BFB13E880FE9}.Debug|Any CPU.ActiveCfg = Debug|Any CPU
		{C5718643-13A3-476F-85A2-BFB13E880FE9}.Debug|Any CPU.Build.0 = Debug|Any CPU
		{C5718643-13A3-476F-85A2-BFB13E880FE9}.Release|Any CPU.ActiveCfg = Release|Any CPU
		{C5718643-13A3-476F-85A2-BFB13E880FE9}.Release|Any CPU.Build.0 = Release|Any CPU
		{1C19C3F2-61A2-4243-9481-7BBF5AF722F9}.Debug|Any CPU.ActiveCfg = Debug|Any CPU
		{1C19C3F2-61A2-4243-9481-7BBF5AF722F9}.Debug|Any CPU.Build.0 = Debug|Any CPU
		{1C19C3F2-61A2-4243-9481-7BBF5AF722F9}.Release|Any CPU.ActiveCfg = Release|Any CPU
		{1C19C3F2-61A2-4243-9481-7BBF5AF722F9}.Release|Any CPU.Build.0 = Release|Any CPU
		{C18A958F-E1A7-4196-9FBD-B5500B7A95FE}.Debug|Any CPU.ActiveCfg = Debug|Any CPU
		{C18A958F-E1A7-4196-9FBD-B5500B7A95FE}.Debug|Any CPU.Build.0 = Debug|Any CPU
		{C18A958F-E1A7-4196-9FBD-B5500B7A95FE}.Release|Any CPU.ActiveCfg = Release|Any CPU
		{C18A958F-E1A7-4196-9FBD-B5500B7A95FE}.Release|Any CPU.Build.0 = Release|Any CPU
		{4019219B-EEDF-4768-8AC2-B28655210E30}.Debug|Any CPU.ActiveCfg = Debug|Any CPU
		{4019219B-EEDF-4768-8AC2-B28655210E30}.Debug|Any CPU.Build.0 = Debug|Any CPU
		{4019219B-EEDF-4768-8AC2-B28655210E30}.Release|Any CPU.ActiveCfg = Release|Any CPU
		{4019219B-EEDF-4768-8AC2-B28655210E30}.Release|Any CPU.Build.0 = Release|Any CPU
		{6132FE85-94C5-4F6C-A628-45956B8F95D3}.Debug|Any CPU.ActiveCfg = Debug|Any CPU
		{6132FE85-94C5-4F6C-A628-45956B8F95D3}.Debug|Any CPU.Build.0 = Debug|Any CPU
		{6132FE85-94C5-4F6C-A628-45956B8F95D3}.Release|Any CPU.ActiveCfg = Release|Any CPU
		{6132FE85-94C5-4F6C-A628-45956B8F95D3}.Release|Any CPU.Build.0 = Release|Any CPU
	EndGlobalSection
	GlobalSection(SolutionProperties) = preSolution
		HideSolutionNode = FALSE
	EndGlobalSection
	GlobalSection(NestedProjects) = preSolution
		{C5718643-13A3-476F-85A2-BFB13E880FE9} = {1AE62833-2820-45BA-BB4E-0FB0C1371818}
		{1C19C3F2-61A2-4243-9481-7BBF5AF722F9} = {1AE62833-2820-45BA-BB4E-0FB0C1371818}
		{C18A958F-E1A7-4196-9FBD-B5500B7A95FE} = {1AE62833-2820-45BA-BB4E-0FB0C1371818}
		{4019219B-EEDF-4768-8AC2-B28655210E30} = {1AE62833-2820-45BA-BB4E-0FB0C1371818}
		{6132FE85-94C5-4F6C-A628-45956B8F95D3} = {1AE62833-2820-45BA-BB4E-0FB0C1371818}
	EndGlobalSection
	GlobalSection(ExtensibilityGlobals) = postSolution
		SolutionGuid = {55E2A566-899C-428D-AE24-1929A02A30DA}
	EndGlobalSection
EndGlobal
