
Microsoft Visual Studio Solution File, Format Version 12.00
# Visual Studio Version 17
VisualStudioVersion = 17.9.34607.119
MinimumVisualStudioVersion = 10.0.40219.1
Project("{2150E333-8FDC-42A3-9474-1A3956D46DE8}") = "Junior Level", "Junior Level", "{1AE62833-2820-45BA-BB4E-0FB0C1371818}"
	ProjectSection(SolutionItems) = preProject
		02_CommonLanguageRuntime.txt = 02_CommonLanguageRuntime.txt
	EndProjectSection
EndProject
Project("{2150E333-8FDC-42A3-9474-1A3956D46DE8}") = "Mid Level", "Mid Level", "{53D3610B-9562-4D52-ACEA-C5C77962E914}"
EndProject
Project("{9A19103F-16F7-4668-BE54-9A1E7A4F7556}") = "01_CommonIntermediateLanguage", "Junior Level\01_CommonIntermediateLanguage\01_CommonIntermediateLanguage.csproj", "{C5718643-13A3-476F-85A2-BFB13E880FE9}"
EndProject
Global
	GlobalSection(SolutionConfigurationPlatforms) = preSolution
		Debug|Any CPU = Debug|Any CPU
		Release|Any CPU = Release|Any CPU
	EndGlobalSection
	GlobalSection(ProjectConfigurationPlatforms) = postSolution
		{C5718643-13A3-476F-85A2-BFB13E880FE9}.Debug|Any CPU.ActiveCfg = Debug|Any CPU
		{C5718643-13A3-476F-85A2-BFB13E880FE9}.Debug|Any CPU.Build.0 = Debug|Any CPU
		{C5718643-13A3-476F-85A2-BFB13E880FE9}.Release|Any CPU.ActiveCfg = Release|Any CPU
		{C5718643-13A3-476F-85A2-BFB13E880FE9}.Release|Any CPU.Build.0 = Release|Any CPU
	EndGlobalSection
	GlobalSection(SolutionProperties) = preSolution
		HideSolutionNode = FALSE
	EndGlobalSection
	GlobalSection(NestedProjects) = preSolution
		{C5718643-13A3-476F-85A2-BFB13E880FE9} = {1AE62833-2820-45BA-BB4E-0FB0C1371818}
	EndGlobalSection
	GlobalSection(ExtensibilityGlobals) = postSolution
		SolutionGuid = {55E2A566-899C-428D-AE24-1929A02A30DA}
	EndGlobalSection
EndGlobal
